
Microsoft Visual Studio Solution File, Format Version 11.00
# Visual Studio 2010
Project("{FAE04EC0-301F-11D3-BF4B-00C04F79EFBC}") = "MazeAI", "Assembly-CSharp.csproj", "{774F8F98-9B76-AA59-EB42-A7A46E833ED8}"
EndProject
Project("{FAE04EC0-301F-11D3-BF4B-00C04F79EFBC}") = "MazeAI", "Assembly-CSharp-Editor.csproj", "{EA176111-3981-C5A5-5352-99A1789E24F2}"
EndProject
Global
	GlobalSection(SolutionConfigurationPlatforms) = preSolution
		Debug|Any CPU = Debug|Any CPU
		Release|Any CPU = Release|Any CPU
	EndGlobalSection
	GlobalSection(ProjectConfigurationPlatforms) = postSolution
		{774F8F98-9B76-AA59-EB42-A7A46E833ED8}.Debug|Any CPU.ActiveCfg = Debug|Any CPU
		{774F8F98-9B76-AA59-EB42-A7A46E833ED8}.Debug|Any CPU.Build.0 = Debug|Any CPU
		{774F8F98-9B76-AA59-EB42-A7A46E833ED8}.Release|Any CPU.ActiveCfg = Release|Any CPU
		{774F8F98-9B76-AA59-EB42-A7A46E833ED8}.Release|Any CPU.Build.0 = Release|Any CPU
		{EA176111-3981-C5A5-5352-99A1789E24F2}.Debug|Any CPU.ActiveCfg = Debug|Any CPU
		{EA176111-3981-C5A5-5352-99A1789E24F2}.Debug|Any CPU.Build.0 = Debug|Any CPU
		{EA176111-3981-C5A5-5352-99A1789E24F2}.Release|Any CPU.ActiveCfg = Release|Any CPU
		{EA176111-3981-C5A5-5352-99A1789E24F2}.Release|Any CPU.Build.0 = Release|Any CPU
	EndGlobalSection
	GlobalSection(SolutionProperties) = preSolution
		HideSolutionNode = FALSE
	EndGlobalSection
	GlobalSection(MonoDevelopProperties) = preSolution
		StartupItem = Assembly-CSharp.csproj
	EndGlobalSection
EndGlobal
